# THIS IS AN AUTOGENERATED FILE. DO NOT EDIT THIS FILE DIRECTLY.
# yarn lockfile v1


"@minecraft/server@^2.4.0":
  version "2.4.0"
  resolved "https://registry.yarnpkg.com/@minecraft/server/-/server-2.4.0.tgz#7c0237a33f26c804af73e4d275ef83d5b617ac3a"
  integrity sha512-xd9dOWQ4RhPQBCt2aui9tp/GCnjvXpi6ZHVxaUr0SPDHfh/GkMRWnyf2Ud6D3pEThp/0giOEtHY1sx2HN9Qd+A==
